
Microsoft Visual Studio Solution File, Format Version 12.00
# Visual Studio 2013
VisualStudioVersion = 12.0.31101.0
MinimumVisualStudioVersion = 10.0.40219.1
Project("{8BC9CEB8-8B4A-11D0-8D11-00A0C91BC942}") = "fig_03_15_17", "fig_03_15_17\fig_03_15_17.vcxproj", "{80CEF2C1-DA0B-4704-90FF-02DB36E7DD19}"
EndProject
Global
	GlobalSection(SolutionConfigurationPlatforms) = preSolution
		Debug|Win32 = Debug|Win32
		Release|Win32 = Release|Win32
	EndGlobalSection
	GlobalSection(ProjectConfigurationPlatforms) = postSolution
		{80CEF2C1-DA0B-4704-90FF-02DB36E7DD19}.Debug|Win32.ActiveCfg = Debug|Win32
		{80CEF2C1-DA0B-4704-90FF-02DB36E7DD19}.Debug|Win32.Build.0 = Debug|Win32
		{80CEF2C1-DA0B-4704-90FF-02DB36E7DD19}.Release|Win32.ActiveCfg = Release|Win32
		{80CEF2C1-DA0B-4704-90FF-02DB36E7DD19}.Release|Win32.Build.0 = Release|Win32
	EndGlobalSection
	GlobalSection(SolutionProperties) = preSolution
		HideSolutionNode = FALSE
	EndGlobalSection
EndGlobal
